
Microsoft Visual Studio Solution File, Format Version 12.00
# Visual Studio 15
Project("{FAE04EC0-301F-11D3-BF4B-00C04F79EFBC}") = "Assembly-CSharp", "Assembly-CSharp.csproj", "{F78227CC-8B13-FD04-5FBE-123B2C1103F8}"
EndProject
Project("{FAE04EC0-301F-11D3-BF4B-00C04F79EFBC}") = "Assembly-CSharp-Editor", "Assembly-CSharp-Editor.csproj", "{34ECFD9A-0507-FB03-C3AA-6D43825F54F8}"
EndProject
Global
	GlobalSection(SolutionConfigurationPlatforms) = preSolution
		Debug|Any CPU = Debug|Any CPU
		Release|Any CPU = Release|Any CPU
	EndGlobalSection
	GlobalSection(ProjectConfigurationPlatforms) = postSolution
		{F78227CC-8B13-FD04-5FBE-123B2C1103F8}.Debug|Any CPU.ActiveCfg = Debug|Any CPU
		{F78227CC-8B13-FD04-5FBE-123B2C1103F8}.Debug|Any CPU.Build.0 = Debug|Any CPU
		{F78227CC-8B13-FD04-5FBE-123B2C1103F8}.Release|Any CPU.ActiveCfg = Release|Any CPU
		{F78227CC-8B13-FD04-5FBE-123B2C1103F8}.Release|Any CPU.Build.0 = Release|Any CPU
		{34ECFD9A-0507-FB03-C3AA-6D43825F54F8}.Debug|Any CPU.ActiveCfg = Debug|Any CPU
		{34ECFD9A-0507-FB03-C3AA-6D43825F54F8}.Debug|Any CPU.Build.0 = Debug|Any CPU
		{34ECFD9A-0507-FB03-C3AA-6D43825F54F8}.Release|Any CPU.ActiveCfg = Release|Any CPU
		{34ECFD9A-0507-FB03-C3AA-6D43825F54F8}.Release|Any CPU.Build.0 = Release|Any CPU
	EndGlobalSection
	GlobalSection(SolutionProperties) = preSolution
		HideSolutionNode = FALSE
	EndGlobalSection
EndGlobal
